// !$*UTF8*$!
{
	archiveVersion = 1;
	classes = {
	};
	objectVersion = 46;
	objects = {

/* Begin PBXBuildFile section */
		6C6596211C64ECBD00176182 /* main.m in Sources */ = {isa = PBXBuildFile; fileRef = 6C6596201C64ECBD00176182 /* main.m */; };
		6C6596241C64ECBD00176182 /* AppDelegate.m in Sources */ = {isa = PBXBuildFile; fileRef = 6C6596231C64ECBD00176182 /* AppDelegate.m */; };
		6C65962D1C64ECBD00176182 /* Main.storyboard in Resources */ = {isa = PBXBuildFile; fileRef = 6C65962B1C64ECBD00176182 /* Main.storyboard */; };
		6C65962F1C64ECBD00176182 /* Assets.xcassets in Resources */ = {isa = PBXBuildFile; fileRef = 6C65962E1C64ECBD00176182 /* Assets.xcassets */; };
		6C6596321C64ECBD00176182 /* LaunchScreen.storyboard in Resources */ = {isa = PBXBuildFile; fileRef = 6C6596301C64ECBD00176182 /* LaunchScreen.storyboard */; };
		6C65963D1C64ECBD00176182 /* bbluueTests.m in Sources */ = {isa = PBXBuildFile; fileRef = 6C65963C1C64ECBD00176182 /* bbluueTests.m */; };
		6C6596481C64ECBD00176182 /* bbluueUITests.m in Sources */ = {isa = PBXBuildFile; fileRef = 6C6596471C64ECBD00176182 /* bbluueUITests.m */; };
		6C6596581C64EDBB00176182 /* SWRevealViewController.m in Sources */ = {isa = PBXBuildFile; fileRef = 6C6596571C64EDBB00176182 /* SWRevealViewController.m */; };
		6C65965B1C64EFAB00176182 /* Constants.m in Sources */ = {isa = PBXBuildFile; fileRef = 6C65965A1C64EFAB00176182 /* Constants.m */; };
		6C6596611C64F10200176182 /* TabNavViewController.m in Sources */ = {isa = PBXBuildFile; fileRef = 6C6596601C64F10200176182 /* TabNavViewController.m */; };
		6C6596691C650EF400176182 /* VideoViewController.m in Sources */ = {isa = PBXBuildFile; fileRef = 6C6596681C650EF400176182 /* VideoViewController.m */; };
		6C65966C1C650F0800176182 /* AudioViewController.m in Sources */ = {isa = PBXBuildFile; fileRef = 6C65966B1C650F0800176182 /* AudioViewController.m */; };
		6C65966F1C650F1700176182 /* PhotoViewController.m in Sources */ = {isa = PBXBuildFile; fileRef = 6C65966E1C650F1700176182 /* PhotoViewController.m */; };
		6C6596721C650F2700176182 /* ImportViewController.m in Sources */ = {isa = PBXBuildFile; fileRef = 6C6596711C650F2700176182 /* ImportViewController.m */; };
		6C6596751C650F3A00176182 /* BotViewController.m in Sources */ = {isa = PBXBuildFile; fileRef = 6C6596741C650F3A00176182 /* BotViewController.m */; };
		6C6596791C65146300176182 /* LeftMenuViewController.m in Sources */ = {isa = PBXBuildFile; fileRef = 6C6596781C65146300176182 /* LeftMenuViewController.m */; };
		6C79EC041C6E600C00864135 /* TakePhoto.storyboard in Resources */ = {isa = PBXBuildFile; fileRef = 6C79EC031C6E600C00864135 /* TakePhoto.storyboard */; };
		6CF013131C6E87B20003A73A /* TakeVideo.storyboard in Resources */ = {isa = PBXBuildFile; fileRef = 6CF013111C6E87B20003A73A /* TakeVideo.storyboard */; };
		6CF013161C6E87CA0003A73A /* TakeAudio.storyboard in Resources */ = {isa = PBXBuildFile; fileRef = 6CF013141C6E87CA0003A73A /* TakeAudio.storyboard */; };
		6CF013191C6E87DD0003A73A /* ImportMedia.storyboard in Resources */ = {isa = PBXBuildFile; fileRef = 6CF013171C6E87DD0003A73A /* ImportMedia.storyboard */; };
		6CF0131C1C6E87F20003A73A /* BbluueBot.storyboard in Resources */ = {isa = PBXBuildFile; fileRef = 6CF0131A1C6E87F20003A73A /* BbluueBot.storyboard */; };
/* End PBXBuildFile section */

/* Begin PBXContainerItemProxy section */
		6C6596391C64ECBD00176182 /* PBXContainerItemProxy */ = {
			isa = PBXContainerItemProxy;
			containerPortal = 6C6596141C64ECBD00176182 /* Project object */;
			proxyType = 1;
			remoteGlobalIDString = 6C65961B1C64ECBD00176182;
			remoteInfo = bbluue;
		};
		6C6596441C64ECBD00176182 /* PBXContainerItemProxy */ = {
			isa = PBXContainerItemProxy;
			containerPortal = 6C6596141C64ECBD00176182 /* Project object */;
			proxyType = 1;
			remoteGlobalIDString = 6C65961B1C64ECBD00176182;
			remoteInfo = bbluue;
		};
/* End PBXContainerItemProxy section */

/* Begin PBXFileReference section */
		6C65961C1C64ECBD00176182 /* bbluue.app */ = {isa = PBXFileReference; explicitFileType = wrapper.application; includeInIndex = 0; path = bbluue.app; sourceTree = BUILT_PRODUCTS_DIR; };
		6C6596201C64ECBD00176182 /* main.m */ = {isa = PBXFileReference; lastKnownFileType = sourcecode.c.objc; path = main.m; sourceTree = "<group>"; };
		6C6596221C64ECBD00176182 /* AppDelegate.h */ = {isa = PBXFileReference; lastKnownFileType = sourcecode.c.h; path = AppDelegate.h; sourceTree = "<group>"; };
		6C6596231C64ECBD00176182 /* AppDelegate.m */ = {isa = PBXFileReference; lastKnownFileType = sourcecode.c.objc; path = AppDelegate.m; sourceTree = "<group>"; };
		6C65962C1C64ECBD00176182 /* Base */ = {isa = PBXFileReference; lastKnownFileType = file.storyboard; name = Base; path = Base.lproj/Main.storyboard; sourceTree = "<group>"; };
		6C65962E1C64ECBD00176182 /* Assets.xcassets */ = {isa = PBXFileReference; lastKnownFileType = folder.assetcatalog; path = Assets.xcassets; sourceTree = "<group>"; };
		6C6596311C64ECBD00176182 /* Base */ = {isa = PBXFileReference; lastKnownFileType = file.storyboard; name = Base; path = Base.lproj/LaunchScreen.storyboard; sourceTree = "<group>"; };
		6C6596331C64ECBD00176182 /* Info.plist */ = {isa = PBXFileReference; lastKnownFileType = text.plist.xml; path = Info.plist; sourceTree = "<group>"; };
		6C6596381C64ECBD00176182 /* bbluueTests.xctest */ = {isa = PBXFileReference; explicitFileType = wrapper.cfbundle; includeInIndex = 0; path = bbluueTests.xctest; sourceTree = BUILT_PRODUCTS_DIR; };
		6C65963C1C64ECBD00176182 /* bbluueTests.m */ = {isa = PBXFileReference; lastKnownFileType = sourcecode.c.objc; path = bbluueTests.m; sourceTree = "<group>"; };
		6C65963E1C64ECBD00176182 /* Info.plist */ = {isa = PBXFileReference; lastKnownFileType = text.plist.xml; path = Info.plist; sourceTree = "<group>"; };
		6C6596431C64ECBD00176182 /* bbluueUITests.xctest */ = {isa = PBXFileReference; explicitFileType = wrapper.cfbundle; includeInIndex = 0; path = bbluueUITests.xctest; sourceTree = BUILT_PRODUCTS_DIR; };
		6C6596471C64ECBD00176182 /* bbluueUITests.m */ = {isa = PBXFileReference; lastKnownFileType = sourcecode.c.objc; path = bbluueUITests.m; sourceTree = "<group>"; };
		6C6596491C64ECBD00176182 /* Info.plist */ = {isa = PBXFileReference; lastKnownFileType = text.plist.xml; path = Info.plist; sourceTree = "<group>"; };
		6C6596561C64EDBB00176182 /* SWRevealViewController.h */ = {isa = PBXFileReference; fileEncoding = 4; lastKnownFileType = sourcecode.c.h; path = SWRevealViewController.h; sourceTree = "<group>"; };
		6C6596571C64EDBB00176182 /* SWRevealViewController.m */ = {isa = PBXFileReference; fileEncoding = 4; lastKnownFileType = sourcecode.c.objc; path = SWRevealViewController.m; sourceTree = "<group>"; };
		6C6596591C64EFAB00176182 /* Constants.h */ = {isa = PBXFileReference; fileEncoding = 4; lastKnownFileType = sourcecode.c.h; path = Constants.h; sourceTree = "<group>"; };
		6C65965A1C64EFAB00176182 /* Constants.m */ = {isa = PBXFileReference; fileEncoding = 4; lastKnownFileType = sourcecode.c.objc; path = Constants.m; sourceTree = "<group>"; };
		6C65965F1C64F10200176182 /* TabNavViewController.h */ = {isa = PBXFileReference; fileEncoding = 4; lastKnownFileType = sourcecode.c.h; path = TabNavViewController.h; sourceTree = "<group>"; };
		6C6596601C64F10200176182 /* TabNavViewController.m */ = {isa = PBXFileReference; fileEncoding = 4; lastKnownFileType = sourcecode.c.objc; path = TabNavViewController.m; sourceTree = "<group>"; };
		6C6596671C650EF400176182 /* VideoViewController.h */ = {isa = PBXFileReference; fileEncoding = 4; lastKnownFileType = sourcecode.c.h; path = VideoViewController.h; sourceTree = "<group>"; };
		6C6596681C650EF400176182 /* VideoViewController.m */ = {isa = PBXFileReference; fileEncoding = 4; lastKnownFileType = sourcecode.c.objc; path = VideoViewController.m; sourceTree = "<group>"; };
		6C65966A1C650F0800176182 /* AudioViewController.h */ = {isa = PBXFileReference; fileEncoding = 4; lastKnownFileType = sourcecode.c.h; path = AudioViewController.h; sourceTree = "<group>"; };
		6C65966B1C650F0800176182 /* AudioViewController.m */ = {isa = PBXFileReference; fileEncoding = 4; lastKnownFileType = sourcecode.c.objc; path = AudioViewController.m; sourceTree = "<group>"; };
		6C65966D1C650F1700176182 /* PhotoViewController.h */ = {isa = PBXFileReference; fileEncoding = 4; lastKnownFileType = sourcecode.c.h; path = PhotoViewController.h; sourceTree = "<group>"; };
		6C65966E1C650F1700176182 /* PhotoViewController.m */ = {isa = PBXFileReference; fileEncoding = 4; lastKnownFileType = sourcecode.c.objc; path = PhotoViewController.m; sourceTree = "<group>"; };
		6C6596701C650F2700176182 /* ImportViewController.h */ = {isa = PBXFileReference; fileEncoding = 4; lastKnownFileType = sourcecode.c.h; path = ImportViewController.h; sourceTree = "<group>"; };
		6C6596711C650F2700176182 /* ImportViewController.m */ = {isa = PBXFileReference; fileEncoding = 4; lastKnownFileType = sourcecode.c.objc; path = ImportViewController.m; sourceTree = "<group>"; };
		6C6596731C650F3A00176182 /* BotViewController.h */ = {isa = PBXFileReference; fileEncoding = 4; lastKnownFileType = sourcecode.c.h; path = BotViewController.h; sourceTree = "<group>"; };
		6C6596741C650F3A00176182 /* BotViewController.m */ = {isa = PBXFileReference; fileEncoding = 4; lastKnownFileType = sourcecode.c.objc; path = BotViewController.m; sourceTree = "<group>"; };
		6C6596771C65146300176182 /* LeftMenuViewController.h */ = {isa = PBXFileReference; fileEncoding = 4; lastKnownFileType = sourcecode.c.h; path = LeftMenuViewController.h; sourceTree = "<group>"; };
		6C6596781C65146300176182 /* LeftMenuViewController.m */ = {isa = PBXFileReference; fileEncoding = 4; lastKnownFileType = sourcecode.c.objc; path = LeftMenuViewController.m; sourceTree = "<group>"; };
		6C79EC031C6E600C00864135 /* TakePhoto.storyboard */ = {isa = PBXFileReference; fileEncoding = 4; lastKnownFileType = file.storyboard; path = TakePhoto.storyboard; sourceTree = "<group>"; };
		6CF013121C6E87B20003A73A /* Base */ = {isa = PBXFileReference; lastKnownFileType = file.storyboard; name = Base; path = Base.lproj/TakeVideo.storyboard; sourceTree = "<group>"; };
		6CF013151C6E87CA0003A73A /* Base */ = {isa = PBXFileReference; lastKnownFileType = file.storyboard; name = Base; path = Base.lproj/TakeAudio.storyboard; sourceTree = "<group>"; };
		6CF013181C6E87DD0003A73A /* Base */ = {isa = PBXFileReference; lastKnownFileType = file.storyboard; name = Base; path = Base.lproj/ImportMedia.storyboard; sourceTree = "<group>"; };
		6CF0131B1C6E87F20003A73A /* Base */ = {isa = PBXFileReference; lastKnownFileType = file.storyboard; name = Base; path = Base.lproj/BbluueBot.storyboard; sourceTree = "<group>"; };
/* End PBXFileReference section */

/* Begin PBXFrameworksBuildPhase section */
		6C6596191C64ECBD00176182 /* Frameworks */ = {
			isa = PBXFrameworksBuildPhase;
			buildActionMask = 2147483647;
			files = (
			);
			runOnlyForDeploymentPostprocessing = 0;
		};
		6C6596351C64ECBD00176182 /* Frameworks */ = {
			isa = PBXFrameworksBuildPhase;
			buildActionMask = 2147483647;
			files = (
			);
			runOnlyForDeploymentPostprocessing = 0;
		};
		6C6596401C64ECBD00176182 /* Frameworks */ = {
			isa = PBXFrameworksBuildPhase;
			buildActionMask = 2147483647;
			files = (
			);
			runOnlyForDeploymentPostprocessing = 0;
		};
/* End PBXFrameworksBuildPhase section */

/* Begin PBXGroup section */
		6C6596131C64ECBD00176182 = {
			isa = PBXGroup;
			children = (
				6C65961E1C64ECBD00176182 /* bbluue */,
				6C65963B1C64ECBD00176182 /* bbluueTests */,
				6C6596461C64ECBD00176182 /* bbluueUITests */,
				6C65961D1C64ECBD00176182 /* Products */,
			);
			sourceTree = "<group>";
		};
		6C65961D1C64ECBD00176182 /* Products */ = {
			isa = PBXGroup;
			children = (
				6C65961C1C64ECBD00176182 /* bbluue.app */,
				6C6596381C64ECBD00176182 /* bbluueTests.xctest */,
				6C6596431C64ECBD00176182 /* bbluueUITests.xctest */,
			);
			name = Products;
			sourceTree = "<group>";
		};
		6C65961E1C64ECBD00176182 /* bbluue */ = {
			isa = PBXGroup;
			children = (
				6C6596631C64F4A100176182 /* Storyboards */,
				6C6596761C65142700176182 /* LeftMenu */,
				6C6596621C64F47F00176182 /* TabBar Nav */,
				6C65962E1C64ECBD00176182 /* Assets.xcassets */,
				6C6596331C64ECBD00176182 /* Info.plist */,
				6C65961F1C64ECBD00176182 /* Supporting Files */,
				6C65965F1C64F10200176182 /* TabNavViewController.h */,
				6C6596601C64F10200176182 /* TabNavViewController.m */,
			);
			path = bbluue;
			sourceTree = "<group>";
		};
		6C65961F1C64ECBD00176182 /* Supporting Files */ = {
			isa = PBXGroup;
			children = (
				6C6596591C64EFAB00176182 /* Constants.h */,
				6C65965A1C64EFAB00176182 /* Constants.m */,
				6C6596221C64ECBD00176182 /* AppDelegate.h */,
				6C6596231C64ECBD00176182 /* AppDelegate.m */,
				6C6596551C64EDBB00176182 /* SlideOutMenuFiles */,
				6C6596201C64ECBD00176182 /* main.m */,
			);
			name = "Supporting Files";
			sourceTree = "<group>";
		};
		6C65963B1C64ECBD00176182 /* bbluueTests */ = {
			isa = PBXGroup;
			children = (
				6C65963C1C64ECBD00176182 /* bbluueTests.m */,
				6C65963E1C64ECBD00176182 /* Info.plist */,
			);
			path = bbluueTests;
			sourceTree = "<group>";
		};
		6C6596461C64ECBD00176182 /* bbluueUITests */ = {
			isa = PBXGroup;
			children = (
				6C6596471C64ECBD00176182 /* bbluueUITests.m */,
				6C6596491C64ECBD00176182 /* Info.plist */,
			);
			path = bbluueUITests;
			sourceTree = "<group>";
		};
		6C6596551C64EDBB00176182 /* SlideOutMenuFiles */ = {
			isa = PBXGroup;
			children = (
				6C6596561C64EDBB00176182 /* SWRevealViewController.h */,
				6C6596571C64EDBB00176182 /* SWRevealViewController.m */,
			);
			path = SlideOutMenuFiles;
			sourceTree = "<group>";
		};
		6C6596621C64F47F00176182 /* TabBar Nav */ = {
			isa = PBXGroup;
			children = (
				6C65966D1C650F1700176182 /* PhotoViewController.h */,
				6C65966E1C650F1700176182 /* PhotoViewController.m */,
				6C6596671C650EF400176182 /* VideoViewController.h */,
				6C6596681C650EF400176182 /* VideoViewController.m */,
				6C65966A1C650F0800176182 /* AudioViewController.h */,
				6C65966B1C650F0800176182 /* AudioViewController.m */,
				6C6596701C650F2700176182 /* ImportViewController.h */,
				6C6596711C650F2700176182 /* ImportViewController.m */,
				6C6596731C650F3A00176182 /* BotViewController.h */,
				6C6596741C650F3A00176182 /* BotViewController.m */,
			);
			name = "TabBar Nav";
			sourceTree = "<group>";
		};
		6C6596631C64F4A100176182 /* Storyboards */ = {
			isa = PBXGroup;
			children = (
				6C6596301C64ECBD00176182 /* LaunchScreen.storyboard */,
				6C65962B1C64ECBD00176182 /* Main.storyboard */,
				6CF0131A1C6E87F20003A73A /* BbluueBot.storyboard */,
				6CF013171C6E87DD0003A73A /* ImportMedia.storyboard */,
				6CF013141C6E87CA0003A73A /* TakeAudio.storyboard */,
				6C79EC031C6E600C00864135 /* TakePhoto.storyboard */,
				6CF013111C6E87B20003A73A /* TakeVideo.storyboard */,
			);
			name = Storyboards;
			sourceTree = "<group>";
		};
		6C6596761C65142700176182 /* LeftMenu */ = {
			isa = PBXGroup;
			children = (
				6C6596771C65146300176182 /* LeftMenuViewController.h */,
				6C6596781C65146300176182 /* LeftMenuViewController.m */,
			);
			name = LeftMenu;
			sourceTree = "<group>";
		};
/* End PBXGroup section */

/* Begin PBXNativeTarget section */
		6C65961B1C64ECBD00176182 /* bbluue */ = {
			isa = PBXNativeTarget;
			buildConfigurationList = 6C65964C1C64ECBD00176182 /* Build configuration list for PBXNativeTarget "bbluue" */;
			buildPhases = (
				6C6596181C64ECBD00176182 /* Sources */,
				6C6596191C64ECBD00176182 /* Frameworks */,
				6C65961A1C64ECBD00176182 /* Resources */,
			);
			buildRules = (
			);
			dependencies = (
			);
			name = bbluue;
			productName = bbluue;
			productReference = 6C65961C1C64ECBD00176182 /* bbluue.app */;
			productType = "com.apple.product-type.application";
		};
		6C6596371C64ECBD00176182 /* bbluueTests */ = {
			isa = PBXNativeTarget;
			buildConfigurationList = 6C65964F1C64ECBD00176182 /* Build configuration list for PBXNativeTarget "bbluueTests" */;
			buildPhases = (
				6C6596341C64ECBD00176182 /* Sources */,
				6C6596351C64ECBD00176182 /* Frameworks */,
				6C6596361C64ECBD00176182 /* Resources */,
			);
			buildRules = (
			);
			dependencies = (
				6C65963A1C64ECBD00176182 /* PBXTargetDependency */,
			);
			name = bbluueTests;
			productName = bbluueTests;
			productReference = 6C6596381C64ECBD00176182 /* bbluueTests.xctest */;
			productType = "com.apple.product-type.bundle.unit-test";
		};
		6C6596421C64ECBD00176182 /* bbluueUITests */ = {
			isa = PBXNativeTarget;
			buildConfigurationList = 6C6596521C64ECBD00176182 /* Build configuration list for PBXNativeTarget "bbluueUITests" */;
			buildPhases = (
				6C65963F1C64ECBD00176182 /* Sources */,
				6C6596401C64ECBD00176182 /* Frameworks */,
				6C6596411C64ECBD00176182 /* Resources */,
			);
			buildRules = (
			);
			dependencies = (
				6C6596451C64ECBD00176182 /* PBXTargetDependency */,
			);
			name = bbluueUITests;
			productName = bbluueUITests;
			productReference = 6C6596431C64ECBD00176182 /* bbluueUITests.xctest */;
			productType = "com.apple.product-type.bundle.ui-testing";
		};
/* End PBXNativeTarget section */

/* Begin PBXProject section */
		6C6596141C64ECBD00176182 /* Project object */ = {
			isa = PBXProject;
			attributes = {
				LastUpgradeCheck = 0720;
				ORGANIZATIONNAME = bbluue;
				TargetAttributes = {
					6C65961B1C64ECBD00176182 = {
						CreatedOnToolsVersion = 7.2;
						DevelopmentTeam = LCAZX8K65P;
					};
					6C6596371C64ECBD00176182 = {
						CreatedOnToolsVersion = 7.2;
						TestTargetID = 6C65961B1C64ECBD00176182;
					};
					6C6596421C64ECBD00176182 = {
						CreatedOnToolsVersion = 7.2;
						TestTargetID = 6C65961B1C64ECBD00176182;
					};
				};
			};
			buildConfigurationList = 6C6596171C64ECBD00176182 /* Build configuration list for PBXProject "bbluue" */;
			compatibilityVersion = "Xcode 3.2";
			developmentRegion = English;
			hasScannedForEncodings = 0;
			knownRegions = (
				en,
				Base,
			);
			mainGroup = 6C6596131C64ECBD00176182;
			productRefGroup = 6C65961D1C64ECBD00176182 /* Products */;
			projectDirPath = "";
			projectRoot = "";
			targets = (
				6C65961B1C64ECBD00176182 /* bbluue */,
				6C6596371C64ECBD00176182 /* bbluueTests */,
				6C6596421C64ECBD00176182 /* bbluueUITests */,
			);
		};
/* End PBXProject section */

/* Begin PBXResourcesBuildPhase section */
		6C65961A1C64ECBD00176182 /* Resources */ = {
			isa = PBXResourcesBuildPhase;
			buildActionMask = 2147483647;
			files = (
				6CF013161C6E87CA0003A73A /* TakeAudio.storyboard in Resources */,
				6C6596321C64ECBD00176182 /* LaunchScreen.storyboard in Resources */,
				6C65962F1C64ECBD00176182 /* Assets.xcassets in Resources */,
				6C79EC041C6E600C00864135 /* TakePhoto.storyboard in Resources */,
				6C65962D1C64ECBD00176182 /* Main.storyboard in Resources */,
				6CF013131C6E87B20003A73A /* TakeVideo.storyboard in Resources */,
				6CF013191C6E87DD0003A73A /* ImportMedia.storyboard in Resources */,
				6CF0131C1C6E87F20003A73A /* BbluueBot.storyboard in Resources */,
			);
			runOnlyForDeploymentPostprocessing = 0;
		};
		6C6596361C64ECBD00176182 /* Resources */ = {
			isa = PBXResourcesBuildPhase;
			buildActionMask = 2147483647;
			files = (
			);
			runOnlyForDeploymentPostprocessing = 0;
		};
		6C6596411C64ECBD00176182 /* Resources */ = {
			isa = PBXResourcesBuildPhase;
			buildActionMask = 2147483647;
			files = (
			);
			runOnlyForDeploymentPostprocessing = 0;
		};
/* End PBXResourcesBuildPhase section */

/* Begin PBXSourcesBuildPhase section */
		6C6596181C64ECBD00176182 /* Sources */ = {
			isa = PBXSourcesBuildPhase;
			buildActionMask = 2147483647;
			files = (
				6C6596241C64ECBD00176182 /* AppDelegate.m in Sources */,
				6C65966F1C650F1700176182 /* PhotoViewController.m in Sources */,
				6C65966C1C650F0800176182 /* AudioViewController.m in Sources */,
				6C6596581C64EDBB00176182 /* SWRevealViewController.m in Sources */,
				6C6596211C64ECBD00176182 /* main.m in Sources */,
				6C6596691C650EF400176182 /* VideoViewController.m in Sources */,
				6C6596721C650F2700176182 /* ImportViewController.m in Sources */,
				6C6596611C64F10200176182 /* TabNavViewController.m in Sources */,
				6C6596751C650F3A00176182 /* BotViewController.m in Sources */,
				6C65965B1C64EFAB00176182 /* Constants.m in Sources */,
				6C6596791C65146300176182 /* LeftMenuViewController.m in Sources */,
			);
			runOnlyForDeploymentPostprocessing = 0;
		};
		6C6596341C64ECBD00176182 /* Sources */ = {
			isa = PBXSourcesBuildPhase;
			buildActionMask = 2147483647;
			files = (
				6C65963D1C64ECBD00176182 /* bbluueTests.m in Sources */,
			);
			runOnlyForDeploymentPostprocessing = 0;
		};
		6C65963F1C64ECBD00176182 /* Sources */ = {
			isa = PBXSourcesBuildPhase;
			buildActionMask = 2147483647;
			files = (
				6C6596481C64ECBD00176182 /* bbluueUITests.m in Sources */,
			);
			runOnlyForDeploymentPostprocessing = 0;
		};
/* End PBXSourcesBuildPhase section */

/* Begin PBXTargetDependency section */
		6C65963A1C64ECBD00176182 /* PBXTargetDependency */ = {
			isa = PBXTargetDependency;
			target = 6C65961B1C64ECBD00176182 /* bbluue */;
			targetProxy = 6C6596391C64ECBD00176182 /* PBXContainerItemProxy */;
		};
		6C6596451C64ECBD00176182 /* PBXTargetDependency */ = {
			isa = PBXTargetDependency;
			target = 6C65961B1C64ECBD00176182 /* bbluue */;
			targetProxy = 6C6596441C64ECBD00176182 /* PBXContainerItemProxy */;
		};
/* End PBXTargetDependency section */

/* Begin PBXVariantGroup section */
		6C65962B1C64ECBD00176182 /* Main.storyboard */ = {
			isa = PBXVariantGroup;
			children = (
				6C65962C1C64ECBD00176182 /* Base */,
			);
			name = Main.storyboard;
			sourceTree = "<group>";
		};
		6C6596301C64ECBD00176182 /* LaunchScreen.storyboard */ = {
			isa = PBXVariantGroup;
			children = (
				6C6596311C64ECBD00176182 /* Base */,
			);
			name = LaunchScreen.storyboard;
			sourceTree = "<group>";
		};
		6CF013111C6E87B20003A73A /* TakeVideo.storyboard */ = {
			isa = PBXVariantGroup;
			children = (
				6CF013121C6E87B20003A73A /* Base */,
			);
			name = TakeVideo.storyboard;
			sourceTree = "<group>";
		};
		6CF013141C6E87CA0003A73A /* TakeAudio.storyboard */ = {
			isa = PBXVariantGroup;
			children = (
				6CF013151C6E87CA0003A73A /* Base */,
			);
			name = TakeAudio.storyboard;
			sourceTree = "<group>";
		};
		6CF013171C6E87DD0003A73A /* ImportMedia.storyboard */ = {
			isa = PBXVariantGroup;
			children = (
				6CF013181C6E87DD0003A73A /* Base */,
			);
			name = ImportMedia.storyboard;
			sourceTree = "<group>";
		};
		6CF0131A1C6E87F20003A73A /* BbluueBot.storyboard */ = {
			isa = PBXVariantGroup;
			children = (
				6CF0131B1C6E87F20003A73A /* Base */,
			);
			name = BbluueBot.storyboard;
			sourceTree = "<group>";
		};
/* End PBXVariantGroup section */

/* Begin XCBuildConfiguration section */
		6C65964A1C64ECBD00176182 /* Debug */ = {
			isa = XCBuildConfiguration;
			buildSettings = {
				ALWAYS_SEARCH_USER_PATHS = NO;
				CLANG_CXX_LANGUAGE_STANDARD = "gnu++0x";
				CLANG_CXX_LIBRARY = "libc++";
				CLANG_ENABLE_MODULES = YES;
				CLANG_ENABLE_OBJC_ARC = YES;
				CLANG_WARN_BOOL_CONVERSION = YES;
				CLANG_WARN_CONSTANT_CONVERSION = YES;
				CLANG_WARN_DIRECT_OBJC_ISA_USAGE = YES_ERROR;
				CLANG_WARN_EMPTY_BODY = YES;
				CLANG_WARN_ENUM_CONVERSION = YES;
				CLANG_WARN_INT_CONVERSION = YES;
				CLANG_WARN_OBJC_ROOT_CLASS = YES_ERROR;
				CLANG_WARN_UNREACHABLE_CODE = YES;
				CLANG_WARN__DUPLICATE_METHOD_MATCH = YES;
				"CODE_SIGN_IDENTITY[sdk=iphoneos*]" = "iPhone Developer";
				COPY_PHASE_STRIP = NO;
				DEBUG_INFORMATION_FORMAT = dwarf;
				ENABLE_STRICT_OBJC_MSGSEND = YES;
				ENABLE_TESTABILITY = YES;
				GCC_C_LANGUAGE_STANDARD = gnu99;
				GCC_DYNAMIC_NO_PIC = NO;
				GCC_NO_COMMON_BLOCKS = YES;
				GCC_OPTIMIZATION_LEVEL = 0;
				GCC_PREPROCESSOR_DEFINITIONS = (
					"DEBUG=1",
					"$(inherited)",
				);
				GCC_WARN_64_TO_32_BIT_CONVERSION = YES;
				GCC_WARN_ABOUT_RETURN_TYPE = YES_ERROR;
				GCC_WARN_UNDECLARED_SELECTOR = YES;
				GCC_WARN_UNINITIALIZED_AUTOS = YES_AGGRESSIVE;
				GCC_WARN_UNUSED_FUNCTION = YES;
				GCC_WARN_UNUSED_VARIABLE = YES;
				IPHONEOS_DEPLOYMENT_TARGET = 9.2;
				MTL_ENABLE_DEBUG_INFO = YES;
				ONLY_ACTIVE_ARCH = YES;
				SDKROOT = iphoneos;
			};
			name = Debug;
		};
		6C65964B1C64ECBD00176182 /* Release */ = {
			isa = XCBuildConfiguration;
			buildSettings = {
				ALWAYS_SEARCH_USER_PATHS = NO;
				CLANG_CXX_LANGUAGE_STANDARD = "gnu++0x";
				CLANG_CXX_LIBRARY = "libc++";
				CLANG_ENABLE_MODULES = YES;
				CLANG_ENABLE_OBJC_ARC = YES;
				CLANG_WARN_BOOL_CONVERSION = YES;
				CLANG_WARN_CONSTANT_CONVERSION = YES;
				CLANG_WARN_DIRECT_OBJC_ISA_USAGE = YES_ERROR;
				CLANG_WARN_EMPTY_BODY = YES;
				CLANG_WARN_ENUM_CONVERSION = YES;
				CLANG_WARN_INT_CONVERSION = YES;
				CLANG_WARN_OBJC_ROOT_CLASS = YES_ERROR;
				CLANG_WARN_UNREACHABLE_CODE = YES;
				CLANG_WARN__DUPLICATE_METHOD_MATCH = YES;
				"CODE_SIGN_IDENTITY[sdk=iphoneos*]" = "iPhone Developer";
				COPY_PHASE_STRIP = NO;
				DEBUG_INFORMATION_FORMAT = "dwarf-with-dsym";
				ENABLE_NS_ASSERTIONS = NO;
				ENABLE_STRICT_OBJC_MSGSEND = YES;
				GCC_C_LANGUAGE_STANDARD = gnu99;
				GCC_NO_COMMON_BLOCKS = YES;
				GCC_WARN_64_TO_32_BIT_CONVERSION = YES;
				GCC_WARN_ABOUT_RETURN_TYPE = YES_ERROR;
				GCC_WARN_UNDECLARED_SELECTOR = YES;
				GCC_WARN_UNINITIALIZED_AUTOS = YES_AGGRESSIVE;
				GCC_WARN_UNUSED_FUNCTION = YES;
				GCC_WARN_UNUSED_VARIABLE = YES;
				IPHONEOS_DEPLOYMENT_TARGET = 9.2;
				MTL_ENABLE_DEBUG_INFO = NO;
				SDKROOT = iphoneos;
				VALIDATE_PRODUCT = YES;
			};
			name = Release;
		};
		6C65964D1C64ECBD00176182 /* Debug */ = {
			isa = XCBuildConfiguration;
			buildSettings = {
				ASSETCATALOG_COMPILER_APPICON_NAME = AppIcon;
				CODE_SIGN_IDENTITY = "iPhone Developer";
				INFOPLIST_FILE = bbluue/Info.plist;
				IPHONEOS_DEPLOYMENT_TARGET = 9.0;
				LD_RUNPATH_SEARCH_PATHS = "$(inherited) @executable_path/Frameworks";
				PRODUCT_BUNDLE_IDENTIFIER = com.bbluue.bbluue;
				PRODUCT_NAME = "$(TARGET_NAME)";
			};
			name = Debug;
		};
		6C65964E1C64ECBD00176182 /* Release */ = {
			isa = XCBuildConfiguration;
			buildSettings = {
				ASSETCATALOG_COMPILER_APPICON_NAME = AppIcon;
				CODE_SIGN_IDENTITY = "iPhone Developer";
				INFOPLIST_FILE = bbluue/Info.plist;
				IPHONEOS_DEPLOYMENT_TARGET = 9.0;
				LD_RUNPATH_SEARCH_PATHS = "$(inherited) @executable_path/Frameworks";
				PRODUCT_BUNDLE_IDENTIFIER = com.bbluue.bbluue;
				PRODUCT_NAME = "$(TARGET_NAME)";
			};
			name = Release;
		};
		6C6596501C64ECBD00176182 /* Debug */ = {
			isa = XCBuildConfiguration;
			buildSettings = {
				BUNDLE_LOADER = "$(TEST_HOST)";
				INFOPLIST_FILE = bbluueTests/Info.plist;
				LD_RUNPATH_SEARCH_PATHS = "$(inherited) @executable_path/Frameworks @loader_path/Frameworks";
				PRODUCT_BUNDLE_IDENTIFIER = com.bbluue.bbluueTests;
				PRODUCT_NAME = "$(TARGET_NAME)";
				TEST_HOST = "$(BUILT_PRODUCTS_DIR)/bbluue.app/bbluue";
			};
			name = Debug;
		};
		6C6596511C64ECBD00176182 /* Release */ = {
			isa = XCBuildConfiguration;
			buildSettings = {
				BUNDLE_LOADER = "$(TEST_HOST)";
				INFOPLIST_FILE = bbluueTests/Info.plist;
				LD_RUNPATH_SEARCH_PATHS = "$(inherited) @executable_path/Frameworks @loader_path/Frameworks";
				PRODUCT_BUNDLE_IDENTIFIER = com.bbluue.bbluueTests;
				PRODUCT_NAME = "$(TARGET_NAME)";
				TEST_HOST = "$(BUILT_PRODUCTS_DIR)/bbluue.app/bbluue";
			};
			name = Release;
		};
		6C6596531C64ECBD00176182 /* Debug */ = {
			isa = XCBuildConfiguration;
			buildSettings = {
				INFOPLIST_FILE = bbluueUITests/Info.plist;
				LD_RUNPATH_SEARCH_PATHS = "$(inherited) @executable_path/Frameworks @loader_path/Frameworks";
				PRODUCT_BUNDLE_IDENTIFIER = com.bbluue.bbluueUITests;
				PRODUCT_NAME = "$(TARGET_NAME)";
				TEST_TARGET_NAME = bbluue;
				USES_XCTRUNNER = YES;
			};
			name = Debug;
		};
		6C6596541C64ECBD00176182 /* Release */ = {
			isa = XCBuildConfiguration;
			buildSettings = {
				INFOPLIST_FILE = bbluueUITests/Info.plist;
				LD_RUNPATH_SEARCH_PATHS = "$(inherited) @executable_path/Frameworks @loader_path/Frameworks";
				PRODUCT_BUNDLE_IDENTIFIER = com.bbluue.bbluueUITests;
				PRODUCT_NAME = "$(TARGET_NAME)";
				TEST_TARGET_NAME = bbluue;
				USES_XCTRUNNER = YES;
			};
			name = Release;
		};
/* End XCBuildConfiguration section */

/* Begin XCConfigurationList section */
		6C6596171C64ECBD00176182 /* Build configuration list for PBXProject "bbluue" */ = {
			isa = XCConfigurationList;
			buildConfigurations = (
				6C65964A1C64ECBD00176182 /* Debug */,
				6C65964B1C64ECBD00176182 /* Release */,
			);
			defaultConfigurationIsVisible = 0;
			defaultConfigurationName = Release;
		};
		6C65964C1C64ECBD00176182 /* Build configuration list for PBXNativeTarget "bbluue" */ = {
			isa = XCConfigurationList;
			buildConfigurations = (
				6C65964D1C64ECBD00176182 /* Debug */,
				6C65964E1C64ECBD00176182 /* Release */,
			);
			defaultConfigurationIsVisible = 0;
			defaultConfigurationName = Release;
		};
		6C65964F1C64ECBD00176182 /* Build configuration list for PBXNativeTarget "bbluueTests" */ = {
			isa = XCConfigurationList;
			buildConfigurations = (
				6C6596501C64ECBD00176182 /* Debug */,
				6C6596511C64ECBD00176182 /* Release */,
			);
			defaultConfigurationIsVisible = 0;
			defaultConfigurationName = Release;
		};
		6C6596521C64ECBD00176182 /* Build configuration list for PBXNativeTarget "bbluueUITests" */ = {
			isa = XCConfigurationList;
			buildConfigurations = (
				6C6596531C64ECBD00176182 /* Debug */,
				6C6596541C64ECBD00176182 /* Release */,
			);
			defaultConfigurationIsVisible = 0;
			defaultConfigurationName = Release;
		};
/* End XCConfigurationList section */
	};
	rootObject = 6C6596141C64ECBD00176182 /* Project object */;
}
